
Microsoft Visual Studio Solution File, Format Version 12.00
# Visual Studio Version 17
VisualStudioVersion = 17.2.32516.85
MinimumVisualStudioVersion = 10.0.40219.1
Project("{FAE04EC0-301F-11D3-BF4B-00C04F79EFBC}") = "Hangfire.Demo.SchedulerService", "Hangfire.Demo.SchedulerService.csproj", "{DA25DE70-88C0-4D6E-8493-E11DDEC65EB2}"
EndProject
Project("{9A19103F-16F7-4668-BE54-9A1E7A4F7556}") = "Hangfire.Demo.Shared", "..\..\shared\Hangfire.Demo.Shared\Hangfire.Demo.Shared.csproj", "{9A6A3786-0906-4DB5-B4B8-BDA6D3E19062}"
EndProject
Global
	GlobalSection(SolutionConfigurationPlatforms) = preSolution
		Debug|Any CPU = Debug|Any CPU
		Release|Any CPU = Release|Any CPU
	EndGlobalSection
	GlobalSection(ProjectConfigurationPlatforms) = postSolution
		{DA25DE70-88C0-4D6E-8493-E11DDEC65EB2}.Debug|Any CPU.ActiveCfg = Debug|Any CPU
		{DA25DE70-88C0-4D6E-8493-E11DDEC65EB2}.Debug|Any CPU.Build.0 = Debug|Any CPU
		{DA25DE70-88C0-4D6E-8493-E11DDEC65EB2}.Release|Any CPU.ActiveCfg = Release|Any CPU
		{DA25DE70-88C0-4D6E-8493-E11DDEC65EB2}.Release|Any CPU.Build.0 = Release|Any CPU
		{9A6A3786-0906-4DB5-B4B8-BDA6D3E19062}.Debug|Any CPU.ActiveCfg = Debug|Any CPU
		{9A6A3786-0906-4DB5-B4B8-BDA6D3E19062}.Debug|Any CPU.Build.0 = Debug|Any CPU
		{9A6A3786-0906-4DB5-B4B8-BDA6D3E19062}.Release|Any CPU.ActiveCfg = Release|Any CPU
		{9A6A3786-0906-4DB5-B4B8-BDA6D3E19062}.Release|Any CPU.Build.0 = Release|Any CPU
	EndGlobalSection
	GlobalSection(SolutionProperties) = preSolution
		HideSolutionNode = FALSE
	EndGlobalSection
	GlobalSection(ExtensibilityGlobals) = postSolution
		SolutionGuid = {3482CDA2-52E8-4CE3-ABD5-0C788790B011}
	EndGlobalSection
EndGlobal
